{
  "version": 4,
  "terraform_version": "1.3.7",
  "serial": 9,
  "lineage": "91507c43-828d-9074-1f0d-e47933c92f0f",
  "outputs": {},
  "resources": [
    {
      "mode": "managed",
      "type": "yandex_mdb_clickhouse_cluster",
      "name": "clickhouse_starschema",
      "provider": "provider[\"registry.terraform.io/yandex-cloud/yandex\"]",
      "instances": [
        {
          "schema_version": 0,
          "attributes": {
            "access": [
              {
                "data_lens": false,
                "data_transfer": false,
                "metrika": false,
                "serverless": false,
                "web_sql": false,
                "yandex_query": false
              }
            ],
            "admin_password": "clickhouse",
            "backup_window_start": [
              {
                "hours": 0,
                "minutes": 0
              }
            ],
            "clickhouse": [
              {
                "config": [
                  {
                    "background_pool_size": 16,
                    "background_schedule_pool_size": 16,
                    "compression": [
                      {
                        "method": "LZ4",
                        "min_part_size": 1024,
                        "min_part_size_ratio": 0.5
                      },
                      {
                        "method": "ZSTD",
                        "min_part_size": 2048,
                        "min_part_size_ratio": 0.7
                      }
                    ],
                    "geobase_uri": "",
                    "graphite_rollup": [
                      {
                        "name": "rollup1",
                        "pattern": [
                          {
                            "function": "func1",
                            "regexp": "abc",
                            "retention": [
                              {
                                "age": 1000,
                                "precision": 3
                              }
                            ]
                          }
                        ]
                      },
                      {
                        "name": "rollup2",
                        "pattern": [
                          {
                            "function": "func2",
                            "regexp": "",
                            "retention": [
                              {
                                "age": 2000,
                                "precision": 5
                              }
                            ]
                          }
                        ]
                      }
                    ],
                    "kafka": [
                      {
                        "sasl_mechanism": "SASL_MECHANISM_GSSAPI",
                        "sasl_password": "pass1",
                        "sasl_username": "user1",
                        "security_protocol": "SECURITY_PROTOCOL_PLAINTEXT"
                      }
                    ],
                    "kafka_topic": [
                      {
                        "name": "topic1",
                        "settings": [
                          {
                            "sasl_mechanism": "SASL_MECHANISM_SCRAM_SHA_256",
                            "sasl_password": "pass2",
                            "sasl_username": "user2",
                            "security_protocol": "SECURITY_PROTOCOL_SSL"
                          }
                        ]
                      },
                      {
                        "name": "topic2",
                        "settings": [
                          {
                            "sasl_mechanism": "SASL_MECHANISM_PLAIN",
                            "sasl_password": "",
                            "sasl_username": "",
                            "security_protocol": "SECURITY_PROTOCOL_SASL_PLAINTEXT"
                          }
                        ]
                      }
                    ],
                    "keep_alive_timeout": 3000,
                    "log_level": "TRACE",
                    "mark_cache_size": 5368709120,
                    "max_concurrent_queries": 100,
                    "max_connections": 100,
                    "max_partition_size_to_drop": 53687091200,
                    "max_table_size_to_drop": 53687091200,
                    "merge_tree": [
                      {
                        "max_bytes_to_merge_at_min_space_in_pool": 1048576,
                        "max_replicated_merges_in_queue": 16,
                        "number_of_free_entries_in_pool_to_lower_max_size_of_merge": 8,
                        "parts_to_delay_insert": 150,
                        "parts_to_throw_insert": 300,
                        "replicated_deduplication_window": 100,
                        "replicated_deduplication_window_seconds": 604800
                      }
                    ],
                    "metric_log_enabled": true,
                    "metric_log_retention_size": 536870912,
                    "metric_log_retention_time": 2592000,
                    "part_log_retention_size": 536870912,
                    "part_log_retention_time": 2592000,
                    "query_log_retention_size": 1073741824,
                    "query_log_retention_time": 2592000,
                    "query_thread_log_enabled": true,
                    "query_thread_log_retention_size": 536870912,
                    "query_thread_log_retention_time": 2592000,
                    "rabbitmq": [
                      {
                        "password": "rabbit_pass",
                        "username": "rabbit_user"
                      }
                    ],
                    "text_log_enabled": true,
                    "text_log_level": "TRACE",
                    "text_log_retention_size": 536870912,
                    "text_log_retention_time": 2592000,
                    "timezone": "UTC",
                    "trace_log_enabled": true,
                    "trace_log_retention_size": 536870912,
                    "trace_log_retention_time": 2592000,
                    "uncompressed_cache_size": 8589934592
                  }
                ],
                "resources": [
                  {
                    "disk_size": 64,
                    "disk_type_id": "network-ssd",
                    "resource_preset_id": "s3-c4-m16"
                  }
                ]
              }
            ],
            "cloud_storage": [
              {
                "data_cache_enabled": false,
                "data_cache_max_size": 0,
                "enabled": false,
                "move_factor": 0
              }
            ],
            "copy_schema_on_new_hosts": false,
            "created_at": "2023-02-06T13:35:01Z",
            "database": [],
            "deletion_protection": false,
            "description": "",
            "embedded_keeper": false,
            "environment": "PRESTABLE",
            "folder_id": "b1gnsje5cinlguhk98qm",
            "format_schema": [],
            "health": "HEALTH_UNKNOWN",
            "host": [
              {
                "assign_public_ip": true,
                "fqdn": "rc1b-8dvbtj8ejqpipvh1.mdb.yandexcloud.net",
                "shard_name": "shard1",
                "subnet_id": "e2lgldjhl9h711fpr5dk",
                "type": "CLICKHOUSE",
                "zone": "ru-central1-b"
              }
            ],
            "id": "c9qe56m9b970so84muts",
            "labels": {},
            "maintenance_window": [
              {
                "day": "",
                "hour": 0,
                "type": "ANYTIME"
              }
            ],
            "ml_model": [],
            "name": "clickhouse_starschema",
            "network_id": "enp1l7gmmp23q5qqsapu",
            "security_group_ids": [],
            "service_account_id": "",
            "shard": [
              {
                "name": "shard1",
                "weight": 100
              }
            ],
            "shard_group": [],
            "sql_database_management": true,
            "sql_user_management": true,
            "status": "RUNNING",
            "timeouts": null,
            "user": [],
            "version": "22.8",
            "zookeeper": [
              {
                "resources": [
                  {
                    "disk_size": 0,
                    "disk_type_id": "",
                    "resource_preset_id": ""
                  }
                ]
              }
            ]
          },
          "sensitive_attributes": [
            [
              {
                "type": "get_attr",
                "value": "admin_password"
              }
            ]
          ],
          "private": "eyJlMmJmYjczMC1lY2FhLTExZTYtOGY4OC0zNDM2M2JjN2M0YzAiOnsiY3JlYXRlIjozNjAwMDAwMDAwMDAwLCJkZWxldGUiOjE4MDAwMDAwMDAwMDAsInVwZGF0ZSI6NTQwMDAwMDAwMDAwMH19",
          "dependencies": [
            "yandex_vpc_network.default_network",
            "yandex_vpc_subnet.foo"
          ]
        }
      ]
    },
    {
      "mode": "managed",
      "type": "yandex_vpc_network",
      "name": "default_network",
      "provider": "provider[\"registry.terraform.io/yandex-cloud/yandex\"]",
      "instances": [
        {
          "schema_version": 0,
          "attributes": {
            "created_at": "2023-02-06T13:26:43Z",
            "default_security_group_id": "",
            "description": "",
            "folder_id": "b1gnsje5cinlguhk98qm",
            "id": "enp1l7gmmp23q5qqsapu",
            "labels": {},
            "name": "",
            "subnet_ids": [
              "e2lgldjhl9h711fpr5dk"
            ],
            "timeouts": null
          },
          "sensitive_attributes": [],
          "private": "eyJlMmJmYjczMC1lY2FhLTExZTYtOGY4OC0zNDM2M2JjN2M0YzAiOnsiY3JlYXRlIjo2MDAwMDAwMDAwMCwiZGVsZXRlIjo2MDAwMDAwMDAwMCwidXBkYXRlIjo2MDAwMDAwMDAwMH19"
        }
      ]
    },
    {
      "mode": "managed",
      "type": "yandex_vpc_subnet",
      "name": "foo",
      "provider": "provider[\"registry.terraform.io/yandex-cloud/yandex\"]",
      "instances": [
        {
          "schema_version": 0,
          "attributes": {
            "created_at": "2023-02-06T13:26:44Z",
            "description": "",
            "dhcp_options": [],
            "folder_id": "b1gnsje5cinlguhk98qm",
            "id": "e2lgldjhl9h711fpr5dk",
            "labels": {},
            "name": "",
            "network_id": "enp1l7gmmp23q5qqsapu",
            "route_table_id": "",
            "timeouts": null,
            "v4_cidr_blocks": [
              "10.5.0.0/24"
            ],
            "v6_cidr_blocks": [],
            "zone": "ru-central1-b"
          },
          "sensitive_attributes": [],
          "private": "eyJlMmJmYjczMC1lY2FhLTExZTYtOGY4OC0zNDM2M2JjN2M0YzAiOnsiY3JlYXRlIjoxODAwMDAwMDAwMDAsImRlbGV0ZSI6MTgwMDAwMDAwMDAwLCJ1cGRhdGUiOjE4MDAwMDAwMDAwMH19",
          "dependencies": [
            "yandex_vpc_network.default_network"
          ]
        }
      ]
    }
  ],
  "check_results": null
}
